# This file is generated by running "yarn install" inside your project.
# Manual changes might be lost - proceed with caution!

__metadata:
  version: 8
  cacheKey: 10c0

"@config/shared@workspace:packages/config":
  version: 0.0.0-use.local
  resolution: "@config/shared@workspace:packages/config"
  dependencies:
    prettier: "npm:^3.0.0"
  languageName: unknown
  linkType: soft

"@eslint-config/base@workspace:packages/eslint-config":
  version: 0.0.0-use.local
  resolution: "@eslint-config/base@workspace:packages/eslint-config"
  peerDependencies:
    eslint: ^9
    eslint-config-prettier: ^9
    eslint-plugin-import: ^2
    typescript: ^5
  languageName: unknown
  linkType: soft

"@tsconfig/presets@workspace:packages/tsconfig":
  version: 0.0.0-use.local
  resolution: "@tsconfig/presets@workspace:packages/tsconfig"
  languageName: unknown
  linkType: soft

"@types/shared@workspace:packages/types":
  version: 0.0.0-use.local
  resolution: "@types/shared@workspace:packages/types"
  dependencies:
    prettier: "npm:^3.0.0"
  languageName: unknown
  linkType: soft

"@ui/shared@workspace:packages/ui":
  version: 0.0.0-use.local
  resolution: "@ui/shared@workspace:packages/ui"
  dependencies:
    prettier: "npm:^3.0.0"
    typescript: "npm:^5"
  languageName: unknown
  linkType: soft

"@utils/shared@workspace:packages/utils":
  version: 0.0.0-use.local
  resolution: "@utils/shared@workspace:packages/utils"
  dependencies:
    prettier: "npm:^3.0.0"
  languageName: unknown
  linkType: soft

"prettier@npm:^3.0.0":
  version: 3.6.2
  resolution: "prettier@npm:3.6.2"
  bin:
    prettier: bin/prettier.cjs
  checksum: 10c0/488cb2f2b99ec13da1e50074912870217c11edaddedeadc649b1244c749d15ba94e846423d062e2c4c9ae683e2d65f754de28889ba06e697ac4f988d44f45812
  languageName: node
  linkType: hard

"sweet-order@workspace:.":
  version: 0.0.0-use.local
  resolution: "sweet-order@workspace:."
  dependencies:
    prettier: "npm:^3.0.0"
    turbo: "npm:^2.0.0"
    typescript: "npm:^5.5.0"
  languageName: unknown
  linkType: soft

"turbo-darwin-64@npm:2.5.6":
  version: 2.5.6
  resolution: "turbo-darwin-64@npm:2.5.6"
  conditions: os=darwin & cpu=x64
  languageName: node
  linkType: hard

"turbo-darwin-arm64@npm:2.5.6":
  version: 2.5.6
  resolution: "turbo-darwin-arm64@npm:2.5.6"
  conditions: os=darwin & cpu=arm64
  languageName: node
  linkType: hard

"turbo-linux-64@npm:2.5.6":
  version: 2.5.6
  resolution: "turbo-linux-64@npm:2.5.6"
  conditions: os=linux & cpu=x64
  languageName: node
  linkType: hard

"turbo-linux-arm64@npm:2.5.6":
  version: 2.5.6
  resolution: "turbo-linux-arm64@npm:2.5.6"
  conditions: os=linux & cpu=arm64
  languageName: node
  linkType: hard

"turbo-windows-64@npm:2.5.6":
  version: 2.5.6
  resolution: "turbo-windows-64@npm:2.5.6"
  conditions: os=win32 & cpu=x64
  languageName: node
  linkType: hard

"turbo-windows-arm64@npm:2.5.6":
  version: 2.5.6
  resolution: "turbo-windows-arm64@npm:2.5.6"
  conditions: os=win32 & cpu=arm64
  languageName: node
  linkType: hard

"turbo@npm:^2.0.0":
  version: 2.5.6
  resolution: "turbo@npm:2.5.6"
  dependencies:
    turbo-darwin-64: "npm:2.5.6"
    turbo-darwin-arm64: "npm:2.5.6"
    turbo-linux-64: "npm:2.5.6"
    turbo-linux-arm64: "npm:2.5.6"
    turbo-windows-64: "npm:2.5.6"
    turbo-windows-arm64: "npm:2.5.6"
  dependenciesMeta:
    turbo-darwin-64:
      optional: true
    turbo-darwin-arm64:
      optional: true
    turbo-linux-64:
      optional: true
    turbo-linux-arm64:
      optional: true
    turbo-windows-64:
      optional: true
    turbo-windows-arm64:
      optional: true
  bin:
    turbo: bin/turbo
  checksum: 10c0/b9657bf211bbcfe3911496e4fee6c9a24526bc37e9cadf7f0c76d0376e9c9dfafaacec27f5a61bb621dfe330600ce68c1b21e4cdc19bdccd3ebfe66766fcf62f
  languageName: node
  linkType: hard

"typescript@npm:^5, typescript@npm:^5.5.0":
  version: 5.9.2
  resolution: "typescript@npm:5.9.2"
  bin:
    tsc: bin/tsc
    tsserver: bin/tsserver
  checksum: 10c0/cd635d50f02d6cf98ed42de2f76289701c1ec587a363369255f01ed15aaf22be0813226bff3c53e99d971f9b540e0b3cc7583dbe05faded49b1b0bed2f638a18
  languageName: node
  linkType: hard

"typescript@patch:typescript@npm%3A^5#optional!builtin<compat/typescript>, typescript@patch:typescript@npm%3A^5.5.0#optional!builtin<compat/typescript>":
  version: 5.9.2
  resolution: "typescript@patch:typescript@npm%3A5.9.2#optional!builtin<compat/typescript>::version=5.9.2&hash=5786d5"
  bin:
    tsc: bin/tsc
    tsserver: bin/tsserver
  checksum: 10c0/34d2a8e23eb8e0d1875072064d5e1d9c102e0bdce56a10a25c0b917b8aa9001a9cf5c225df12497e99da107dc379360bc138163c66b55b95f5b105b50578067e
  languageName: node
  linkType: hard
